
Microsoft Visual Studio Solution File, Format Version 12.00
# Visual Studio Version 17
VisualStudioVersion = 17.8.34309.116
MinimumVisualStudioVersion = 10.0.40219.1
Project("{FAE04EC0-301F-11D3-BF4B-00C04F79EFBC}") = "testDockerCompose", "testDockerCompose\testDockerCompose.csproj", "{FAEFFEBD-5BF9-4238-AA3C-B3FA6B9DCB52}"
EndProject
Project("{E53339B2-1760-4266-BCC7-CA923CBCF16C}") = "docker-compose", "docker-compose.dcproj", "{3CA364F4-BDEA-4097-B9D0-66BFE22BC625}"
EndProject
Global
	GlobalSection(SolutionConfigurationPlatforms) = preSolution
		Debug|Any CPU = Debug|Any CPU
		Release|Any CPU = Release|Any CPU
	EndGlobalSection
	GlobalSection(ProjectConfigurationPlatforms) = postSolution
		{FAEFFEBD-5BF9-4238-AA3C-B3FA6B9DCB52}.Debug|Any CPU.ActiveCfg = Debug|Any CPU
		{FAEFFEBD-5BF9-4238-AA3C-B3FA6B9DCB52}.Debug|Any CPU.Build.0 = Debug|Any CPU
		{FAEFFEBD-5BF9-4238-AA3C-B3FA6B9DCB52}.Release|Any CPU.ActiveCfg = Release|Any CPU
		{FAEFFEBD-5BF9-4238-AA3C-B3FA6B9DCB52}.Release|Any CPU.Build.0 = Release|Any CPU
		{3CA364F4-BDEA-4097-B9D0-66BFE22BC625}.Debug|Any CPU.ActiveCfg = Debug|Any CPU
		{3CA364F4-BDEA-4097-B9D0-66BFE22BC625}.Debug|Any CPU.Build.0 = Debug|Any CPU
		{3CA364F4-BDEA-4097-B9D0-66BFE22BC625}.Release|Any CPU.ActiveCfg = Release|Any CPU
		{3CA364F4-BDEA-4097-B9D0-66BFE22BC625}.Release|Any CPU.Build.0 = Release|Any CPU
	EndGlobalSection
	GlobalSection(SolutionProperties) = preSolution
		HideSolutionNode = FALSE
	EndGlobalSection
	GlobalSection(ExtensibilityGlobals) = postSolution
		SolutionGuid = {D8FCEA05-1629-4FDB-ABC9-8BF92DD291E5}
	EndGlobalSection
EndGlobal
